
Microsoft Visual Studio Solution File, Format Version 12.00
# Visual Studio Version 16
VisualStudioVersion = 16.0.29806.167
MinimumVisualStudioVersion = 10.0.40219.1
Project("{9A19103F-16F7-4668-BE54-9A1E7A4F7556}") = "FlightControlWeb", "FlightControlWeb\FlightControlWeb.csproj", "{AA00199A-A5EA-432C-84DD-40FA06D5C1E7}"
EndProject
Project("{9A19103F-16F7-4668-BE54-9A1E7A4F7556}") = "DataBaseTests", "DataBaseTests\DataBaseTests.csproj", "{FA0AED63-14AB-4F21-BE07-20838F999849}"
EndProject
Project("{FAE04EC0-301F-11D3-BF4B-00C04F79EFBC}") = "ControllersTests", "ControllersTests\ControllersTests.csproj", "{87F58807-BF86-4595-80DB-06E6A3B638D7}"
EndProject
Global
	GlobalSection(SolutionConfigurationPlatforms) = preSolution
		Debug|Any CPU = Debug|Any CPU
		Release|Any CPU = Release|Any CPU
	EndGlobalSection
	GlobalSection(ProjectConfigurationPlatforms) = postSolution
		{AA00199A-A5EA-432C-84DD-40FA06D5C1E7}.Debug|Any CPU.ActiveCfg = Debug|Any CPU
		{AA00199A-A5EA-432C-84DD-40FA06D5C1E7}.Debug|Any CPU.Build.0 = Debug|Any CPU
		{AA00199A-A5EA-432C-84DD-40FA06D5C1E7}.Release|Any CPU.ActiveCfg = Release|Any CPU
		{AA00199A-A5EA-432C-84DD-40FA06D5C1E7}.Release|Any CPU.Build.0 = Release|Any CPU
		{FA0AED63-14AB-4F21-BE07-20838F999849}.Debug|Any CPU.ActiveCfg = Debug|Any CPU
		{FA0AED63-14AB-4F21-BE07-20838F999849}.Debug|Any CPU.Build.0 = Debug|Any CPU
		{FA0AED63-14AB-4F21-BE07-20838F999849}.Release|Any CPU.ActiveCfg = Release|Any CPU
		{FA0AED63-14AB-4F21-BE07-20838F999849}.Release|Any CPU.Build.0 = Release|Any CPU
		{87F58807-BF86-4595-80DB-06E6A3B638D7}.Debug|Any CPU.ActiveCfg = Debug|Any CPU
		{87F58807-BF86-4595-80DB-06E6A3B638D7}.Debug|Any CPU.Build.0 = Debug|Any CPU
		{87F58807-BF86-4595-80DB-06E6A3B638D7}.Release|Any CPU.ActiveCfg = Release|Any CPU
		{87F58807-BF86-4595-80DB-06E6A3B638D7}.Release|Any CPU.Build.0 = Release|Any CPU
	EndGlobalSection
	GlobalSection(SolutionProperties) = preSolution
		HideSolutionNode = FALSE
	EndGlobalSection
	GlobalSection(ExtensibilityGlobals) = postSolution
		SolutionGuid = {9F54DD17-2241-483E-ACBF-58D3F37B7DAF}
	EndGlobalSection
EndGlobal
